
Microsoft Visual Studio Solution File, Format Version 12.00
# Visual Studio Version 17
VisualStudioVersion = 17.1.32210.238
MinimumVisualStudioVersion = 10.0.40219.1
Project("{9A19103F-16F7-4668-BE54-9A1E7A4F7556}") = "AbstractFactory", "AbstractFactory\AbstractFactory.csproj", "{01B06AC3-274B-4A5A-AB5C-B5154035F878}"
EndProject
Project("{9A19103F-16F7-4668-BE54-9A1E7A4F7556}") = "Builder", "Builder\Builder.csproj", "{5462A42E-DDA0-41CD-9079-1AC3709CE5CB}"
EndProject
Project("{FAE04EC0-301F-11D3-BF4B-00C04F79EFBC}") = "Factory", "Factory\Factory.csproj", "{D5E34E4F-4A48-4EC2-A541-521BC0BD18C6}"
EndProject
Project("{FAE04EC0-301F-11D3-BF4B-00C04F79EFBC}") = "Prototype", "Prototype\Prototype.csproj", "{A6E90BE2-FEDC-4065-ACB3-A185A58DE3D1}"
EndProject
Project("{FAE04EC0-301F-11D3-BF4B-00C04F79EFBC}") = "Singleton", "Singleton\Singleton.csproj", "{6EC8B492-04F4-4E1D-834B-C95B9E2967E6}"
EndProject
Project("{FAE04EC0-301F-11D3-BF4B-00C04F79EFBC}") = "Adapter", "Adapter\Adapter.csproj", "{34E05CD2-3277-4791-939A-49592D9122C7}"
EndProject
Project("{FAE04EC0-301F-11D3-BF4B-00C04F79EFBC}") = "Bridge", "Bridge\Bridge.csproj", "{4261E5C4-B835-48F7-9C06-6E85E82097DA}"
EndProject
Project("{FAE04EC0-301F-11D3-BF4B-00C04F79EFBC}") = "Composite", "Composite\Composite.csproj", "{0543D821-40B4-4617-8DCE-609615594A2F}"
EndProject
Project("{FAE04EC0-301F-11D3-BF4B-00C04F79EFBC}") = "Decorator", "Decorator\Decorator.csproj", "{6E6A5507-58EB-4003-825B-017D10B9E214}"
EndProject
Project("{FAE04EC0-301F-11D3-BF4B-00C04F79EFBC}") = "Facade", "Facade\Facade.csproj", "{4A6290F2-4894-4F43-BA2E-ECAE39A1FD5C}"
EndProject
Project("{FAE04EC0-301F-11D3-BF4B-00C04F79EFBC}") = "Flyweight", "Flyweight\Flyweight.csproj", "{10C434B9-4C25-407F-B65E-1AE40794AED3}"
EndProject
Project("{FAE04EC0-301F-11D3-BF4B-00C04F79EFBC}") = "Proxy", "Proxy\Proxy.csproj", "{C35B837E-6443-4602-BB0C-7BDBB9276163}"
EndProject
Project("{FAE04EC0-301F-11D3-BF4B-00C04F79EFBC}") = "ChainOfResponsibility", "ChainOfResponsibility\ChainOfResponsibility.csproj", "{E804FC2A-61C0-4E08-912E-F94A9C4D3435}"
EndProject
Project("{FAE04EC0-301F-11D3-BF4B-00C04F79EFBC}") = "Command", "Command\Command.csproj", "{00D5F78D-1387-4876-A854-7E76ABF3DBD5}"
EndProject
Project("{FAE04EC0-301F-11D3-BF4B-00C04F79EFBC}") = "Interpreter", "Interpreter\Interpreter.csproj", "{D5D50B90-F094-4982-B4BE-5C31E47E9F00}"
EndProject
Global
	GlobalSection(SolutionConfigurationPlatforms) = preSolution
		Debug|Any CPU = Debug|Any CPU
		Release|Any CPU = Release|Any CPU
	EndGlobalSection
	GlobalSection(ProjectConfigurationPlatforms) = postSolution
		{01B06AC3-274B-4A5A-AB5C-B5154035F878}.Debug|Any CPU.ActiveCfg = Debug|Any CPU
		{01B06AC3-274B-4A5A-AB5C-B5154035F878}.Debug|Any CPU.Build.0 = Debug|Any CPU
		{01B06AC3-274B-4A5A-AB5C-B5154035F878}.Release|Any CPU.ActiveCfg = Release|Any CPU
		{01B06AC3-274B-4A5A-AB5C-B5154035F878}.Release|Any CPU.Build.0 = Release|Any CPU
		{5462A42E-DDA0-41CD-9079-1AC3709CE5CB}.Debug|Any CPU.ActiveCfg = Debug|Any CPU
		{5462A42E-DDA0-41CD-9079-1AC3709CE5CB}.Debug|Any CPU.Build.0 = Debug|Any CPU
		{5462A42E-DDA0-41CD-9079-1AC3709CE5CB}.Release|Any CPU.ActiveCfg = Release|Any CPU
		{5462A42E-DDA0-41CD-9079-1AC3709CE5CB}.Release|Any CPU.Build.0 = Release|Any CPU
		{D5E34E4F-4A48-4EC2-A541-521BC0BD18C6}.Debug|Any CPU.ActiveCfg = Debug|Any CPU
		{D5E34E4F-4A48-4EC2-A541-521BC0BD18C6}.Debug|Any CPU.Build.0 = Debug|Any CPU
		{D5E34E4F-4A48-4EC2-A541-521BC0BD18C6}.Release|Any CPU.ActiveCfg = Release|Any CPU
		{D5E34E4F-4A48-4EC2-A541-521BC0BD18C6}.Release|Any CPU.Build.0 = Release|Any CPU
		{A6E90BE2-FEDC-4065-ACB3-A185A58DE3D1}.Debug|Any CPU.ActiveCfg = Debug|Any CPU
		{A6E90BE2-FEDC-4065-ACB3-A185A58DE3D1}.Debug|Any CPU.Build.0 = Debug|Any CPU
		{A6E90BE2-FEDC-4065-ACB3-A185A58DE3D1}.Release|Any CPU.ActiveCfg = Release|Any CPU
		{A6E90BE2-FEDC-4065-ACB3-A185A58DE3D1}.Release|Any CPU.Build.0 = Release|Any CPU
		{6EC8B492-04F4-4E1D-834B-C95B9E2967E6}.Debug|Any CPU.ActiveCfg = Debug|Any CPU
		{6EC8B492-04F4-4E1D-834B-C95B9E2967E6}.Debug|Any CPU.Build.0 = Debug|Any CPU
		{6EC8B492-04F4-4E1D-834B-C95B9E2967E6}.Release|Any CPU.ActiveCfg = Release|Any CPU
		{6EC8B492-04F4-4E1D-834B-C95B9E2967E6}.Release|Any CPU.Build.0 = Release|Any CPU
		{34E05CD2-3277-4791-939A-49592D9122C7}.Debug|Any CPU.ActiveCfg = Debug|Any CPU
		{34E05CD2-3277-4791-939A-49592D9122C7}.Debug|Any CPU.Build.0 = Debug|Any CPU
		{34E05CD2-3277-4791-939A-49592D9122C7}.Release|Any CPU.ActiveCfg = Release|Any CPU
		{34E05CD2-3277-4791-939A-49592D9122C7}.Release|Any CPU.Build.0 = Release|Any CPU
		{4261E5C4-B835-48F7-9C06-6E85E82097DA}.Debug|Any CPU.ActiveCfg = Debug|Any CPU
		{4261E5C4-B835-48F7-9C06-6E85E82097DA}.Debug|Any CPU.Build.0 = Debug|Any CPU
		{4261E5C4-B835-48F7-9C06-6E85E82097DA}.Release|Any CPU.ActiveCfg = Release|Any CPU
		{4261E5C4-B835-48F7-9C06-6E85E82097DA}.Release|Any CPU.Build.0 = Release|Any CPU
		{0543D821-40B4-4617-8DCE-609615594A2F}.Debug|Any CPU.ActiveCfg = Debug|Any CPU
		{0543D821-40B4-4617-8DCE-609615594A2F}.Debug|Any CPU.Build.0 = Debug|Any CPU
		{0543D821-40B4-4617-8DCE-609615594A2F}.Release|Any CPU.ActiveCfg = Release|Any CPU
		{0543D821-40B4-4617-8DCE-609615594A2F}.Release|Any CPU.Build.0 = Release|Any CPU
		{6E6A5507-58EB-4003-825B-017D10B9E214}.Debug|Any CPU.ActiveCfg = Debug|Any CPU
		{6E6A5507-58EB-4003-825B-017D10B9E214}.Debug|Any CPU.Build.0 = Debug|Any CPU
		{6E6A5507-58EB-4003-825B-017D10B9E214}.Release|Any CPU.ActiveCfg = Release|Any CPU
		{6E6A5507-58EB-4003-825B-017D10B9E214}.Release|Any CPU.Build.0 = Release|Any CPU
		{4A6290F2-4894-4F43-BA2E-ECAE39A1FD5C}.Debug|Any CPU.ActiveCfg = Debug|Any CPU
		{4A6290F2-4894-4F43-BA2E-ECAE39A1FD5C}.Debug|Any CPU.Build.0 = Debug|Any CPU
		{4A6290F2-4894-4F43-BA2E-ECAE39A1FD5C}.Release|Any CPU.ActiveCfg = Release|Any CPU
		{4A6290F2-4894-4F43-BA2E-ECAE39A1FD5C}.Release|Any CPU.Build.0 = Release|Any CPU
		{10C434B9-4C25-407F-B65E-1AE40794AED3}.Debug|Any CPU.ActiveCfg = Debug|Any CPU
		{10C434B9-4C25-407F-B65E-1AE40794AED3}.Debug|Any CPU.Build.0 = Debug|Any CPU
		{10C434B9-4C25-407F-B65E-1AE40794AED3}.Release|Any CPU.ActiveCfg = Release|Any CPU
		{10C434B9-4C25-407F-B65E-1AE40794AED3}.Release|Any CPU.Build.0 = Release|Any CPU
		{C35B837E-6443-4602-BB0C-7BDBB9276163}.Debug|Any CPU.ActiveCfg = Debug|Any CPU
		{C35B837E-6443-4602-BB0C-7BDBB9276163}.Debug|Any CPU.Build.0 = Debug|Any CPU
		{C35B837E-6443-4602-BB0C-7BDBB9276163}.Release|Any CPU.ActiveCfg = Release|Any CPU
		{C35B837E-6443-4602-BB0C-7BDBB9276163}.Release|Any CPU.Build.0 = Release|Any CPU
		{E804FC2A-61C0-4E08-912E-F94A9C4D3435}.Debug|Any CPU.ActiveCfg = Debug|Any CPU
		{E804FC2A-61C0-4E08-912E-F94A9C4D3435}.Debug|Any CPU.Build.0 = Debug|Any CPU
		{E804FC2A-61C0-4E08-912E-F94A9C4D3435}.Release|Any CPU.ActiveCfg = Release|Any CPU
		{E804FC2A-61C0-4E08-912E-F94A9C4D3435}.Release|Any CPU.Build.0 = Release|Any CPU
		{00D5F78D-1387-4876-A854-7E76ABF3DBD5}.Debug|Any CPU.ActiveCfg = Debug|Any CPU
		{00D5F78D-1387-4876-A854-7E76ABF3DBD5}.Debug|Any CPU.Build.0 = Debug|Any CPU
		{00D5F78D-1387-4876-A854-7E76ABF3DBD5}.Release|Any CPU.ActiveCfg = Release|Any CPU
		{00D5F78D-1387-4876-A854-7E76ABF3DBD5}.Release|Any CPU.Build.0 = Release|Any CPU
		{D5D50B90-F094-4982-B4BE-5C31E47E9F00}.Debug|Any CPU.ActiveCfg = Debug|Any CPU
		{D5D50B90-F094-4982-B4BE-5C31E47E9F00}.Debug|Any CPU.Build.0 = Debug|Any CPU
		{D5D50B90-F094-4982-B4BE-5C31E47E9F00}.Release|Any CPU.ActiveCfg = Release|Any CPU
		{D5D50B90-F094-4982-B4BE-5C31E47E9F00}.Release|Any CPU.Build.0 = Release|Any CPU
	EndGlobalSection
	GlobalSection(SolutionProperties) = preSolution
		HideSolutionNode = FALSE
	EndGlobalSection
	GlobalSection(ExtensibilityGlobals) = postSolution
		SolutionGuid = {29C3D481-86E1-425F-86CD-95C5B17C19D6}
	EndGlobalSection
EndGlobal
